{
  "name": "database-url-parser-cli",
  "version": "0.0.1",
  "lockfileVersion": 1,
  "requires": true,
  "dependencies": {
    "mongodb-uri": {
      "version": "0.9.7",
      "resolved": "https://registry.npmjs.org/mongodb-uri/-/mongodb-uri-0.9.7.tgz",
      "integrity": "sha1-D3ca0W9IOuZfQoeWlCjp+8SqYYE="
    },
    "parse-database-url": {
      "version": "0.3.0",
      "resolved": "https://registry.npmjs.org/parse-database-url/-/parse-database-url-0.3.0.tgz",
      "integrity": "sha1-NpZmMh6SfJreY838Gqr2+zdFPQ0=",
      "requires": {
        "mongodb-uri": ">= 0.9.7"
      }
    }
  }
}
